{
    "_readme": [
        "This file locks the dependencies of your project to a known state"
    ],
    "content-hash": "6d1f5e0c9b7a4f3e2d1c0b9a8f7e6d5c",
    "packages": [
        {
            "name": "doctrine/orm",
            "version": "3.2.1",
            "source": {"type": "git", "url": "https://github.com/doctrine/orm.git", "reference": "722cea6536775206e81744542b9ea1ebc3ecd4b9"},
            "require": {"php": "^8.1", "doctrine/dbal": "^3.8.2 || ^4"},
            "type": "library"
        },
        {
            "name": "doctrine/dbal",
            "version": "4.0.4",
            "source": {"type": "git", "url": "https://github.com/doctrine/dbal.git", "reference": "50fda19f80724b55ff770bb4ff352407008e63c5"},
            "require": {"php": "^8.1"},
            "type": "library"
        },
        {
            "name": "psr/log",
            "version": "3.0.0",
            "source": {"type": "git", "url": "https://github.com/php-fig/log.git", "reference": "fe5ea303b0887d5caefd3d431c3e61ad47037001"},
            "require": {"php": ">=8.0.0"},
            "type": "library"
        },
        {
            "name": "symfony/console",
            "version": "v7.1.3",
            "source": {"type": "git", "url": "https://github.com/symfony/console.git", "reference": "cb1dcb30ebc7005c29864ee78adb47b5fb7c3cd9"},
            "require": {"php": ">=8.2"},
            "require-dev": [],
            "type": "library"
        },
        {
            "name": "symfony/framework-bundle",
            "version": "v7.1.3",
            "source": {"type": "git", "url": "https://github.com/symfony/framework-bundle.git", "reference": "a32ec544bd501eb4619eb977860ad3076ee55061"},
            "require": {"php": ">=8.2", "ext-xml": "*"},
            "type": "symfony-bundle"
        },
        {
            "name": "twig/twig",
            "version": "v3.10.3",
            "source": {"type": "git", "url": "https://github.com/twigphp/Twig.git", "reference": "67f29781ffafa520b0bbfbd8384674b42db04572"},
            "require": {"php": ">=7.2.5"},
            "type": "library"
        }
    ],
    "packages-dev": [
        {
            "name": "phpunit/phpunit",
            "version": "11.2.8",
            "source": {"type": "git", "url": "https://github.com/sebastianbergmann/phpunit.git", "reference": "a7a29e8d3113806f18f99d670f580a30e8ffff39"},
            "require": {"php": ">=8.2"},
            "type": "library"
        },
        {
            "name": "sebastian/diff",
            "version": "6.0.2",
            "source": {"type": "git", "url": "https://github.com/sebastianbergmann/diff.git", "reference": "b4ccd857127db5d41a5b676f24b51371d76d8544"},
            "require": {"php": ">=8.2"},
            "type": "library"
        },
        {
            "name": "symfony/maker-bundle",
            "version": "dev-main",
            "source": {"type": "git", "url": "https://github.com/symfony/maker-bundle.git", "reference": "c86da84640b0586e92aee2b276ee3638ef2f425a"},
            "require": {"php": ">=8.1"},
            "type": "symfony-bundle"
        }
    ],
    "aliases": [],
    "minimum-stability": "stable",
    "stability-flags": {"symfony/maker-bundle": 20},
    "prefer-stable": true,
    "prefer-lowest": false,
    "platform": {"php": ">=8.2", "ext-ctype": "*", "ext-iconv": "*"},
    "platform-dev": [],
    "plugin-api-version": "2.6.0"
}
